// !$*UTF8*$!
{
	archiveVersion = 1;
	classes = {
	};
	objectVersion = 50;
	objects = {

/* Begin PBXBuildFile section */
		58E5112324D341AE00B6355E /* AppDelegate.swift in Sources */ = {isa = PBXBuildFile; fileRef = 58E5112224D341AE00B6355E /* AppDelegate.swift */; };
		58E5112524D341AE00B6355E /* SceneDelegate.swift in Sources */ = {isa = PBXBuildFile; fileRef = 58E5112424D341AE00B6355E /* SceneDelegate.swift */; };
		58E5112724D341AE00B6355E /* ViewController.swift in Sources */ = {isa = PBXBuildFile; fileRef = 58E5112624D341AE00B6355E /* ViewController.swift */; };
		58E5112A24D341AE00B6355E /* Main.storyboard in Resources */ = {isa = PBXBuildFile; fileRef = 58E5112824D341AE00B6355E /* Main.storyboard */; };
		58E5112C24D341B100B6355E /* Assets.xcassets in Resources */ = {isa = PBXBuildFile; fileRef = 58E5112B24D341B100B6355E /* Assets.xcassets */; };
		58E5112F24D341B100B6355E /* LaunchScreen.storyboard in Resources */ = {isa = PBXBuildFile; fileRef = 58E5112D24D341B100B6355E /* LaunchScreen.storyboard */; };
		58E5113A24D341B100B6355E /* TipsterTests.swift in Sources */ = {isa = PBXBuildFile; fileRef = 58E5113924D341B100B6355E /* TipsterTests.swift */; };
		58E5114524D341B100B6355E /* TipsterUITests.swift in Sources */ = {isa = PBXBuildFile; fileRef = 58E5114424D341B100B6355E /* TipsterUITests.swift */; };
/* End PBXBuildFile section */

/* Begin PBXContainerItemProxy section */
		58E5113624D341B100B6355E /* PBXContainerItemProxy */ = {
			isa = PBXContainerItemProxy;
			containerPortal = 58E5111724D341AE00B6355E /* Project object */;
			proxyType = 1;
			remoteGlobalIDString = 58E5111E24D341AE00B6355E;
			remoteInfo = Tipster;
		};
		58E5114124D341B100B6355E /* PBXContainerItemProxy */ = {
			isa = PBXContainerItemProxy;
			containerPortal = 58E5111724D341AE00B6355E /* Project object */;
			proxyType = 1;
			remoteGlobalIDString = 58E5111E24D341AE00B6355E;
			remoteInfo = Tipster;
		};
/* End PBXContainerItemProxy section */

/* Begin PBXFileReference section */
		58E5111F24D341AE00B6355E /* Tipster.app */ = {isa = PBXFileReference; explicitFileType = wrapper.application; includeInIndex = 0; path = Tipster.app; sourceTree = BUILT_PRODUCTS_DIR; };
		58E5112224D341AE00B6355E /* AppDelegate.swift */ = {isa = PBXFileReference; lastKnownFileType = sourcecode.swift; path = AppDelegate.swift; sourceTree = "<group>"; };
		58E5112424D341AE00B6355E /* SceneDelegate.swift */ = {isa = PBXFileReference; lastKnownFileType = sourcecode.swift; path = SceneDelegate.swift; sourceTree = "<group>"; };
		58E5112624D341AE00B6355E /* ViewController.swift */ = {isa = PBXFileReference; lastKnownFileType = sourcecode.swift; path = ViewController.swift; sourceTree = "<group>"; };
		58E5112924D341AE00B6355E /* Base */ = {isa = PBXFileReference; lastKnownFileType = file.storyboard; name = Base; path = Base.lproj/Main.storyboard; sourceTree = "<group>"; };
		58E5112B24D341B100B6355E /* Assets.xcassets */ = {isa = PBXFileReference; lastKnownFileType = folder.assetcatalog; path = Assets.xcassets; sourceTree = "<group>"; };
		58E5112E24D341B100B6355E /* Base */ = {isa = PBXFileReference; lastKnownFileType = file.storyboard; name = Base; path = Base.lproj/LaunchScreen.storyboard; sourceTree = "<group>"; };
		58E5113024D341B100B6355E /* Info.plist */ = {isa = PBXFileReference; lastKnownFileType = text.plist.xml; path = Info.plist; sourceTree = "<group>"; };
		58E5113524D341B100B6355E /* TipsterTests.xctest */ = {isa = PBXFileReference; explicitFileType = wrapper.cfbundle; includeInIndex = 0; path = TipsterTests.xctest; sourceTree = BUILT_PRODUCTS_DIR; };
		58E5113924D341B100B6355E /* TipsterTests.swift */ = {isa = PBXFileReference; lastKnownFileType = sourcecode.swift; path = TipsterTests.swift; sourceTree = "<group>"; };
		58E5113B24D341B100B6355E /* Info.plist */ = {isa = PBXFileReference; lastKnownFileType = text.plist.xml; path = Info.plist; sourceTree = "<group>"; };
		58E5114024D341B100B6355E /* TipsterUITests.xctest */ = {isa = PBXFileReference; explicitFileType = wrapper.cfbundle; includeInIndex = 0; path = TipsterUITests.xctest; sourceTree = BUILT_PRODUCTS_DIR; };
		58E5114424D341B100B6355E /* TipsterUITests.swift */ = {isa = PBXFileReference; lastKnownFileType = sourcecode.swift; path = TipsterUITests.swift; sourceTree = "<group>"; };
		58E5114624D341B100B6355E /* Info.plist */ = {isa = PBXFileReference; lastKnownFileType = text.plist.xml; path = Info.plist; sourceTree = "<group>"; };
/* End PBXFileReference section */

/* Begin PBXFrameworksBuildPhase section */
		58E5111C24D341AE00B6355E /* Frameworks */ = {
			isa = PBXFrameworksBuildPhase;
			buildActionMask = 2147483647;
			files = (
			);
			runOnlyForDeploymentPostprocessing = 0;
		};
		58E5113224D341B100B6355E /* Frameworks */ = {
			isa = PBXFrameworksBuildPhase;
			buildActionMask = 2147483647;
			files = (
			);
			runOnlyForDeploymentPostprocessing = 0;
		};
		58E5113D24D341B100B6355E /* Frameworks */ = {
			isa = PBXFrameworksBuildPhase;
			buildActionMask = 2147483647;
			files = (
			);
			runOnlyForDeploymentPostprocessing = 0;
		};
/* End PBXFrameworksBuildPhase section */

/* Begin PBXGroup section */
		58E5111624D341AE00B6355E = {
			isa = PBXGroup;
			children = (
				58E5112124D341AE00B6355E /* Tipster */,
				58E5113824D341B100B6355E /* TipsterTests */,
				58E5114324D341B100B6355E /* TipsterUITests */,
				58E5112024D341AE00B6355E /* Products */,
			);
			sourceTree = "<group>";
		};
		58E5112024D341AE00B6355E /* Products */ = {
			isa = PBXGroup;
			children = (
				58E5111F24D341AE00B6355E /* Tipster.app */,
				58E5113524D341B100B6355E /* TipsterTests.xctest */,
				58E5114024D341B100B6355E /* TipsterUITests.xctest */,
			);
			name = Products;
			sourceTree = "<group>";
		};
		58E5112124D341AE00B6355E /* Tipster */ = {
			isa = PBXGroup;
			children = (
				58E5112224D341AE00B6355E /* AppDelegate.swift */,
				58E5112424D341AE00B6355E /* SceneDelegate.swift */,
				58E5112624D341AE00B6355E /* ViewController.swift */,
				58E5112824D341AE00B6355E /* Main.storyboard */,
				58E5112B24D341B100B6355E /* Assets.xcassets */,
				58E5112D24D341B100B6355E /* LaunchScreen.storyboard */,
				58E5113024D341B100B6355E /* Info.plist */,
			);
			path = Tipster;
			sourceTree = "<group>";
		};
		58E5113824D341B100B6355E /* TipsterTests */ = {
			isa = PBXGroup;
			children = (
				58E5113924D341B100B6355E /* TipsterTests.swift */,
				58E5113B24D341B100B6355E /* Info.plist */,
			);
			path = TipsterTests;
			sourceTree = "<group>";
		};
		58E5114324D341B100B6355E /* TipsterUITests */ = {
			isa = PBXGroup;
			children = (
				58E5114424D341B100B6355E /* TipsterUITests.swift */,
				58E5114624D341B100B6355E /* Info.plist */,
			);
			path = TipsterUITests;
			sourceTree = "<group>";
		};
/* End PBXGroup section */

/* Begin PBXNativeTarget section */
		58E5111E24D341AE00B6355E /* Tipster */ = {
			isa = PBXNativeTarget;
			buildConfigurationList = 58E5114924D341B100B6355E /* Build configuration list for PBXNativeTarget "Tipster" */;
			buildPhases = (
				58E5111B24D341AE00B6355E /* Sources */,
				58E5111C24D341AE00B6355E /* Frameworks */,
				58E5111D24D341AE00B6355E /* Resources */,
			);
			buildRules = (
			);
			dependencies = (
			);
			name = Tipster;
			productName = Tipster;
			productReference = 58E5111F24D341AE00B6355E /* Tipster.app */;
			productType = "com.apple.product-type.application";
		};
		58E5113424D341B100B6355E /* TipsterTests */ = {
			isa = PBXNativeTarget;
			buildConfigurationList = 58E5114C24D341B100B6355E /* Build configuration list for PBXNativeTarget "TipsterTests" */;
			buildPhases = (
				58E5113124D341B100B6355E /* Sources */,
				58E5113224D341B100B6355E /* Frameworks */,
				58E5113324D341B100B6355E /* Resources */,
			);
			buildRules = (
			);
			dependencies = (
				58E5113724D341B100B6355E /* PBXTargetDependency */,
			);
			name = TipsterTests;
			productName = TipsterTests;
			productReference = 58E5113524D341B100B6355E /* TipsterTests.xctest */;
			productType = "com.apple.product-type.bundle.unit-test";
		};
		58E5113F24D341B100B6355E /* TipsterUITests */ = {
			isa = PBXNativeTarget;
			buildConfigurationList = 58E5114F24D341B100B6355E /* Build configuration list for PBXNativeTarget "TipsterUITests" */;
			buildPhases = (
				58E5113C24D341B100B6355E /* Sources */,
				58E5113D24D341B100B6355E /* Frameworks */,
				58E5113E24D341B100B6355E /* Resources */,
			);
			buildRules = (
			);
			dependencies = (
				58E5114224D341B100B6355E /* PBXTargetDependency */,
			);
			name = TipsterUITests;
			productName = TipsterUITests;
			productReference = 58E5114024D341B100B6355E /* TipsterUITests.xctest */;
			productType = "com.apple.product-type.bundle.ui-testing";
		};
/* End PBXNativeTarget section */

/* Begin PBXProject section */
		58E5111724D341AE00B6355E /* Project object */ = {
			isa = PBXProject;
			attributes = {
				LastSwiftUpdateCheck = 1140;
				LastUpgradeCheck = 1140;
				ORGANIZATIONNAME = "Sidney Pho";
				TargetAttributes = {
					58E5111E24D341AE00B6355E = {
						CreatedOnToolsVersion = 11.4.1;
					};
					58E5113424D341B100B6355E = {
						CreatedOnToolsVersion = 11.4.1;
						TestTargetID = 58E5111E24D341AE00B6355E;
					};
					58E5113F24D341B100B6355E = {
						CreatedOnToolsVersion = 11.4.1;
						TestTargetID = 58E5111E24D341AE00B6355E;
					};
				};
			};
			buildConfigurationList = 58E5111A24D341AE00B6355E /* Build configuration list for PBXProject "Tipster" */;
			compatibilityVersion = "Xcode 9.3";
			developmentRegion = en;
			hasScannedForEncodings = 0;
			knownRegions = (
				en,
				Base,
			);
			mainGroup = 58E5111624D341AE00B6355E;
			productRefGroup = 58E5112024D341AE00B6355E /* Products */;
			projectDirPath = "";
			projectRoot = "";
			targets = (
				58E5111E24D341AE00B6355E /* Tipster */,
				58E5113424D341B100B6355E /* TipsterTests */,
				58E5113F24D341B100B6355E /* TipsterUITests */,
			);
		};
/* End PBXProject section */

/* Begin PBXResourcesBuildPhase section */
		58E5111D24D341AE00B6355E /* Resources */ = {
			isa = PBXResourcesBuildPhase;
			buildActionMask = 2147483647;
			files = (
				58E5112F24D341B100B6355E /* LaunchScreen.storyboard in Resources */,
				58E5112C24D341B100B6355E /* Assets.xcassets in Resources */,
				58E5112A24D341AE00B6355E /* Main.storyboard in Resources */,
			);
			runOnlyForDeploymentPostprocessing = 0;
		};
		58E5113324D341B100B6355E /* Resources */ = {
			isa = PBXResourcesBuildPhase;
			buildActionMask = 2147483647;
			files = (
			);
			runOnlyForDeploymentPostprocessing = 0;
		};
		58E5113E24D341B100B6355E /* Resources */ = {
			isa = PBXResourcesBuildPhase;
			buildActionMask = 2147483647;
			files = (
			);
			runOnlyForDeploymentPostprocessing = 0;
		};
/* End PBXResourcesBuildPhase section */

/* Begin PBXSourcesBuildPhase section */
		58E5111B24D341AE00B6355E /* Sources */ = {
			isa = PBXSourcesBuildPhase;
			buildActionMask = 2147483647;
			files = (
				58E5112724D341AE00B6355E /* ViewController.swift in Sources */,
				58E5112324D341AE00B6355E /* AppDelegate.swift in Sources */,
				58E5112524D341AE00B6355E /* SceneDelegate.swift in Sources */,
			);
			runOnlyForDeploymentPostprocessing = 0;
		};
		58E5113124D341B100B6355E /* Sources */ = {
			isa = PBXSourcesBuildPhase;
			buildActionMask = 2147483647;
			files = (
				58E5113A24D341B100B6355E /* TipsterTests.swift in Sources */,
			);
			runOnlyForDeploymentPostprocessing = 0;
		};
		58E5113C24D341B100B6355E /* Sources */ = {
			isa = PBXSourcesBuildPhase;
			buildActionMask = 2147483647;
			files = (
				58E5114524D341B100B6355E /* TipsterUITests.swift in Sources */,
			);
			runOnlyForDeploymentPostprocessing = 0;
		};
/* End PBXSourcesBuildPhase section */

/* Begin PBXTargetDependency section */
		58E5113724D341B100B6355E /* PBXTargetDependency */ = {
			isa = PBXTargetDependency;
			target = 58E5111E24D341AE00B6355E /* Tipster */;
			targetProxy = 58E5113624D341B100B6355E /* PBXContainerItemProxy */;
		};
		58E5114224D341B100B6355E /* PBXTargetDependency */ = {
			isa = PBXTargetDependency;
			target = 58E5111E24D341AE00B6355E /* Tipster */;
			targetProxy = 58E5114124D341B100B6355E /* PBXContainerItemProxy */;
		};
/* End PBXTargetDependency section */

/* Begin PBXVariantGroup section */
		58E5112824D341AE00B6355E /* Main.storyboard */ = {
			isa = PBXVariantGroup;
			children = (
				58E5112924D341AE00B6355E /* Base */,
			);
			name = Main.storyboard;
			sourceTree = "<group>";
		};
		58E5112D24D341B100B6355E /* LaunchScreen.storyboard */ = {
			isa = PBXVariantGroup;
			children = (
				58E5112E24D341B100B6355E /* Base */,
			);
			name = LaunchScreen.storyboard;
			sourceTree = "<group>";
		};
/* End PBXVariantGroup section */

/* Begin XCBuildConfiguration section */
		58E5114724D341B100B6355E /* Debug */ = {
			isa = XCBuildConfiguration;
			buildSettings = {
				ALWAYS_SEARCH_USER_PATHS = NO;
				CLANG_ANALYZER_NONNULL = YES;
				CLANG_ANALYZER_NUMBER_OBJECT_CONVERSION = YES_AGGRESSIVE;
				CLANG_CXX_LANGUAGE_STANDARD = "gnu++14";
				CLANG_CXX_LIBRARY = "libc++";
				CLANG_ENABLE_MODULES = YES;
				CLANG_ENABLE_OBJC_ARC = YES;
				CLANG_ENABLE_OBJC_WEAK = YES;
				CLANG_WARN_BLOCK_CAPTURE_AUTORELEASING = YES;
				CLANG_WARN_BOOL_CONVERSION = YES;
				CLANG_WARN_COMMA = YES;
				CLANG_WARN_CONSTANT_CONVERSION = YES;
				CLANG_WARN_DEPRECATED_OBJC_IMPLEMENTATIONS = YES;
				CLANG_WARN_DIRECT_OBJC_ISA_USAGE = YES_ERROR;
				CLANG_WARN_DOCUMENTATION_COMMENTS = YES;
				CLANG_WARN_EMPTY_BODY = YES;
				CLANG_WARN_ENUM_CONVERSION = YES;
				CLANG_WARN_INFINITE_RECURSION = YES;
				CLANG_WARN_INT_CONVERSION = YES;
				CLANG_WARN_NON_LITERAL_NULL_CONVERSION = YES;
				CLANG_WARN_OBJC_IMPLICIT_RETAIN_SELF = YES;
				CLANG_WARN_OBJC_LITERAL_CONVERSION = YES;
				CLANG_WARN_OBJC_ROOT_CLASS = YES_ERROR;
				CLANG_WARN_RANGE_LOOP_ANALYSIS = YES;
				CLANG_WARN_STRICT_PROTOTYPES = YES;
				CLANG_WARN_SUSPICIOUS_MOVE = YES;
				CLANG_WARN_UNGUARDED_AVAILABILITY = YES_AGGRESSIVE;
				CLANG_WARN_UNREACHABLE_CODE = YES;
				CLANG_WARN__DUPLICATE_METHOD_MATCH = YES;
				COPY_PHASE_STRIP = NO;
				DEBUG_INFORMATION_FORMAT = dwarf;
				ENABLE_STRICT_OBJC_MSGSEND = YES;
				ENABLE_TESTABILITY = YES;
				GCC_C_LANGUAGE_STANDARD = gnu11;
				GCC_DYNAMIC_NO_PIC = NO;
				GCC_NO_COMMON_BLOCKS = YES;
				GCC_OPTIMIZATION_LEVEL = 0;
				GCC_PREPROCESSOR_DEFINITIONS = (
					"DEBUG=1",
					"$(inherited)",
				);
				GCC_WARN_64_TO_32_BIT_CONVERSION = YES;
				GCC_WARN_ABOUT_RETURN_TYPE = YES_ERROR;
				GCC_WARN_UNDECLARED_SELECTOR = YES;
				GCC_WARN_UNINITIALIZED_AUTOS = YES_AGGRESSIVE;
				GCC_WARN_UNUSED_FUNCTION = YES;
				GCC_WARN_UNUSED_VARIABLE = YES;
				IPHONEOS_DEPLOYMENT_TARGET = 13.4;
				MTL_ENABLE_DEBUG_INFO = INCLUDE_SOURCE;
				MTL_FAST_MATH = YES;
				ONLY_ACTIVE_ARCH = YES;
				SDKROOT = iphoneos;
				SWIFT_ACTIVE_COMPILATION_CONDITIONS = DEBUG;
				SWIFT_OPTIMIZATION_LEVEL = "-Onone";
			};
			name = Debug;
		};
		58E5114824D341B100B6355E /* Release */ = {
			isa = XCBuildConfiguration;
			buildSettings = {
				ALWAYS_SEARCH_USER_PATHS = NO;
				CLANG_ANALYZER_NONNULL = YES;
				CLANG_ANALYZER_NUMBER_OBJECT_CONVERSION = YES_AGGRESSIVE;
				CLANG_CXX_LANGUAGE_STANDARD = "gnu++14";
				CLANG_CXX_LIBRARY = "libc++";
				CLANG_ENABLE_MODULES = YES;
				CLANG_ENABLE_OBJC_ARC = YES;
				CLANG_ENABLE_OBJC_WEAK = YES;
				CLANG_WARN_BLOCK_CAPTURE_AUTORELEASING = YES;
				CLANG_WARN_BOOL_CONVERSION = YES;
				CLANG_WARN_COMMA = YES;
				CLANG_WARN_CONSTANT_CONVERSION = YES;
				CLANG_WARN_DEPRECATED_OBJC_IMPLEMENTATIONS = YES;
				CLANG_WARN_DIRECT_OBJC_ISA_USAGE = YES_ERROR;
				CLANG_WARN_DOCUMENTATION_COMMENTS = YES;
				CLANG_WARN_EMPTY_BODY = YES;
				CLANG_WARN_ENUM_CONVERSION = YES;
				CLANG_WARN_INFINITE_RECURSION = YES;
				CLANG_WARN_INT_CONVERSION = YES;
				CLANG_WARN_NON_LITERAL_NULL_CONVERSION = YES;
				CLANG_WARN_OBJC_IMPLICIT_RETAIN_SELF = YES;
				CLANG_WARN_OBJC_LITERAL_CONVERSION = YES;
				CLANG_WARN_OBJC_ROOT_CLASS = YES_ERROR;
				CLANG_WARN_RANGE_LOOP_ANALYSIS = YES;
				CLANG_WARN_STRICT_PROTOTYPES = YES;
				CLANG_WARN_SUSPICIOUS_MOVE = YES;
				CLANG_WARN_UNGUARDED_AVAILABILITY = YES_AGGRESSIVE;
				CLANG_WARN_UNREACHABLE_CODE = YES;
				CLANG_WARN__DUPLICATE_METHOD_MATCH = YES;
				COPY_PHASE_STRIP = NO;
				DEBUG_INFORMATION_FORMAT = "dwarf-with-dsym";
				ENABLE_NS_ASSERTIONS = NO;
				ENABLE_STRICT_OBJC_MSGSEND = YES;
				GCC_C_LANGUAGE_STANDARD = gnu11;
				GCC_NO_COMMON_BLOCKS = YES;
				GCC_WARN_64_TO_32_BIT_CONVERSION = YES;
				GCC_WARN_ABOUT_RETURN_TYPE = YES_ERROR;
				GCC_WARN_UNDECLARED_SELECTOR = YES;
				GCC_WARN_UNINITIALIZED_AUTOS = YES_AGGRESSIVE;
				GCC_WARN_UNUSED_FUNCTION = YES;
				GCC_WARN_UNUSED_VARIABLE = YES;
				IPHONEOS_DEPLOYMENT_TARGET = 13.4;
				MTL_ENABLE_DEBUG_INFO = NO;
				MTL_FAST_MATH = YES;
				SDKROOT = iphoneos;
				SWIFT_COMPILATION_MODE = wholemodule;
				SWIFT_OPTIMIZATION_LEVEL = "-O";
				VALIDATE_PRODUCT = YES;
			};
			name = Release;
		};
		58E5114A24D341B100B6355E /* Debug */ = {
			isa = XCBuildConfiguration;
			buildSettings = {
				ASSETCATALOG_COMPILER_APPICON_NAME = AppIcon;
				CODE_SIGN_STYLE = Automatic;
				INFOPLIST_FILE = Tipster/Info.plist;
				LD_RUNPATH_SEARCH_PATHS = (
					"$(inherited)",
					"@executable_path/Frameworks",
				);
				PRODUCT_BUNDLE_IDENTIFIER = com.sidneypho.Tipster;
				PRODUCT_NAME = "$(TARGET_NAME)";
				SWIFT_VERSION = 5.0;
				TARGETED_DEVICE_FAMILY = "1,2";
			};
			name = Debug;
		};
		58E5114B24D341B100B6355E /* Release */ = {
			isa = XCBuildConfiguration;
			buildSettings = {
				ASSETCATALOG_COMPILER_APPICON_NAME = AppIcon;
				CODE_SIGN_STYLE = Automatic;
				INFOPLIST_FILE = Tipster/Info.plist;
				LD_RUNPATH_SEARCH_PATHS = (
					"$(inherited)",
					"@executable_path/Frameworks",
				);
				PRODUCT_BUNDLE_IDENTIFIER = com.sidneypho.Tipster;
				PRODUCT_NAME = "$(TARGET_NAME)";
				SWIFT_VERSION = 5.0;
				TARGETED_DEVICE_FAMILY = "1,2";
			};
			name = Release;
		};
		58E5114D24D341B100B6355E /* Debug */ = {
			isa = XCBuildConfiguration;
			buildSettings = {
				ALWAYS_EMBED_SWIFT_STANDARD_LIBRARIES = YES;
				BUNDLE_LOADER = "$(TEST_HOST)";
				CODE_SIGN_STYLE = Automatic;
				INFOPLIST_FILE = TipsterTests/Info.plist;
				IPHONEOS_DEPLOYMENT_TARGET = 13.4;
				LD_RUNPATH_SEARCH_PATHS = (
					"$(inherited)",
					"@executable_path/Frameworks",
					"@loader_path/Frameworks",
				);
				PRODUCT_BUNDLE_IDENTIFIER = com.sidneypho.TipsterTests;
				PRODUCT_NAME = "$(TARGET_NAME)";
				SWIFT_VERSION = 5.0;
				TARGETED_DEVICE_FAMILY = "1,2";
				TEST_HOST = "$(BUILT_PRODUCTS_DIR)/Tipster.app/Tipster";
			};
			name = Debug;
		};
		58E5114E24D341B100B6355E /* Release */ = {
			isa = XCBuildConfiguration;
			buildSettings = {
				ALWAYS_EMBED_SWIFT_STANDARD_LIBRARIES = YES;
				BUNDLE_LOADER = "$(TEST_HOST)";
				CODE_SIGN_STYLE = Automatic;
				INFOPLIST_FILE = TipsterTests/Info.plist;
				IPHONEOS_DEPLOYMENT_TARGET = 13.4;
				LD_RUNPATH_SEARCH_PATHS = (
					"$(inherited)",
					"@executable_path/Frameworks",
					"@loader_path/Frameworks",
				);
				PRODUCT_BUNDLE_IDENTIFIER = com.sidneypho.TipsterTests;
				PRODUCT_NAME = "$(TARGET_NAME)";
				SWIFT_VERSION = 5.0;
				TARGETED_DEVICE_FAMILY = "1,2";
				TEST_HOST = "$(BUILT_PRODUCTS_DIR)/Tipster.app/Tipster";
			};
			name = Release;
		};
		58E5115024D341B100B6355E /* Debug */ = {
			isa = XCBuildConfiguration;
			buildSettings = {
				ALWAYS_EMBED_SWIFT_STANDARD_LIBRARIES = YES;
				CODE_SIGN_STYLE = Automatic;
				INFOPLIST_FILE = TipsterUITests/Info.plist;
				LD_RUNPATH_SEARCH_PATHS = (
					"$(inherited)",
					"@executable_path/Frameworks",
					"@loader_path/Frameworks",
				);
				PRODUCT_BUNDLE_IDENTIFIER = com.sidneypho.TipsterUITests;
				PRODUCT_NAME = "$(TARGET_NAME)";
				SWIFT_VERSION = 5.0;
				TARGETED_DEVICE_FAMILY = "1,2";
				TEST_TARGET_NAME = Tipster;
			};
			name = Debug;
		};
		58E5115124D341B100B6355E /* Release */ = {
			isa = XCBuildConfiguration;
			buildSettings = {
				ALWAYS_EMBED_SWIFT_STANDARD_LIBRARIES = YES;
				CODE_SIGN_STYLE = Automatic;
				INFOPLIST_FILE = TipsterUITests/Info.plist;
				LD_RUNPATH_SEARCH_PATHS = (
					"$(inherited)",
					"@executable_path/Frameworks",
					"@loader_path/Frameworks",
				);
				PRODUCT_BUNDLE_IDENTIFIER = com.sidneypho.TipsterUITests;
				PRODUCT_NAME = "$(TARGET_NAME)";
				SWIFT_VERSION = 5.0;
				TARGETED_DEVICE_FAMILY = "1,2";
				TEST_TARGET_NAME = Tipster;
			};
			name = Release;
		};
/* End XCBuildConfiguration section */

/* Begin XCConfigurationList section */
		58E5111A24D341AE00B6355E /* Build configuration list for PBXProject "Tipster" */ = {
			isa = XCConfigurationList;
			buildConfigurations = (
				58E5114724D341B100B6355E /* Debug */,
				58E5114824D341B100B6355E /* Release */,
			);
			defaultConfigurationIsVisible = 0;
			defaultConfigurationName = Release;
		};
		58E5114924D341B100B6355E /* Build configuration list for PBXNativeTarget "Tipster" */ = {
			isa = XCConfigurationList;
			buildConfigurations = (
				58E5114A24D341B100B6355E /* Debug */,
				58E5114B24D341B100B6355E /* Release */,
			);
			defaultConfigurationIsVisible = 0;
			defaultConfigurationName = Release;
		};
		58E5114C24D341B100B6355E /* Build configuration list for PBXNativeTarget "TipsterTests" */ = {
			isa = XCConfigurationList;
			buildConfigurations = (
				58E5114D24D341B100B6355E /* Debug */,
				58E5114E24D341B100B6355E /* Release */,
			);
			defaultConfigurationIsVisible = 0;
			defaultConfigurationName = Release;
		};
		58E5114F24D341B100B6355E /* Build configuration list for PBXNativeTarget "TipsterUITests" */ = {
			isa = XCConfigurationList;
			buildConfigurations = (
				58E5115024D341B100B6355E /* Debug */,
				58E5115124D341B100B6355E /* Release */,
			);
			defaultConfigurationIsVisible = 0;
			defaultConfigurationName = Release;
		};
/* End XCConfigurationList section */
	};
	rootObject = 58E5111724D341AE00B6355E /* Project object */;
}
